// !$*UTF8*$!
{
	archiveVersion = 1;
	classes = {
	};
	objectVersion = 50;
	objects = {

/* Begin PBXBuildFile section */
		6422BA6626AF6A5B000BE441 /* AppDelegate.swift in Sources */ = {isa = PBXBuildFile; fileRef = 6422BA6526AF6A5B000BE441 /* AppDelegate.swift */; };
		6422BA6826AF6A5B000BE441 /* SceneDelegate.swift in Sources */ = {isa = PBXBuildFile; fileRef = 6422BA6726AF6A5B000BE441 /* SceneDelegate.swift */; };
		6422BA6A26AF6A5B000BE441 /* ViewController.swift in Sources */ = {isa = PBXBuildFile; fileRef = 6422BA6926AF6A5B000BE441 /* ViewController.swift */; };
		6422BA6D26AF6A5B000BE441 /* Main.storyboard in Resources */ = {isa = PBXBuildFile; fileRef = 6422BA6B26AF6A5B000BE441 /* Main.storyboard */; };
		6422BA6F26AF6A5C000BE441 /* Assets.xcassets in Resources */ = {isa = PBXBuildFile; fileRef = 6422BA6E26AF6A5C000BE441 /* Assets.xcassets */; };
		6422BA7226AF6A5C000BE441 /* LaunchScreen.storyboard in Resources */ = {isa = PBXBuildFile; fileRef = 6422BA7026AF6A5C000BE441 /* LaunchScreen.storyboard */; };
		6422BA7B26AF6D3C000BE441 /* UserViewModel.swift in Sources */ = {isa = PBXBuildFile; fileRef = 6422BA7A26AF6D3C000BE441 /* UserViewModel.swift */; };
		6422BA7F26AF6D83000BE441 /* User.swift in Sources */ = {isa = PBXBuildFile; fileRef = 6422BA7E26AF6D83000BE441 /* User.swift */; };
		6422BA8B26AF6F9B000BE441 /* LoginViewController.swift in Sources */ = {isa = PBXBuildFile; fileRef = 6422BA8926AF6F9B000BE441 /* LoginViewController.swift */; };
		6422BA8C26AF6F9B000BE441 /* LoginViewController.xib in Resources */ = {isa = PBXBuildFile; fileRef = 6422BA8A26AF6F9B000BE441 /* LoginViewController.xib */; };
		6422BA9026AF7492000BE441 /* LoginService.swift in Sources */ = {isa = PBXBuildFile; fileRef = 6422BA8F26AF7492000BE441 /* LoginService.swift */; };
/* End PBXBuildFile section */

/* Begin PBXFileReference section */
		6422BA6226AF6A5B000BE441 /* MVVMExample.app */ = {isa = PBXFileReference; explicitFileType = wrapper.application; includeInIndex = 0; path = MVVMExample.app; sourceTree = BUILT_PRODUCTS_DIR; };
		6422BA6526AF6A5B000BE441 /* AppDelegate.swift */ = {isa = PBXFileReference; lastKnownFileType = sourcecode.swift; path = AppDelegate.swift; sourceTree = "<group>"; };
		6422BA6726AF6A5B000BE441 /* SceneDelegate.swift */ = {isa = PBXFileReference; lastKnownFileType = sourcecode.swift; path = SceneDelegate.swift; sourceTree = "<group>"; };
		6422BA6926AF6A5B000BE441 /* ViewController.swift */ = {isa = PBXFileReference; lastKnownFileType = sourcecode.swift; path = ViewController.swift; sourceTree = "<group>"; };
		6422BA6C26AF6A5B000BE441 /* Base */ = {isa = PBXFileReference; lastKnownFileType = file.storyboard; name = Base; path = Base.lproj/Main.storyboard; sourceTree = "<group>"; };
		6422BA6E26AF6A5C000BE441 /* Assets.xcassets */ = {isa = PBXFileReference; lastKnownFileType = folder.assetcatalog; path = Assets.xcassets; sourceTree = "<group>"; };
		6422BA7126AF6A5C000BE441 /* Base */ = {isa = PBXFileReference; lastKnownFileType = file.storyboard; name = Base; path = Base.lproj/LaunchScreen.storyboard; sourceTree = "<group>"; };
		6422BA7326AF6A5C000BE441 /* Info.plist */ = {isa = PBXFileReference; lastKnownFileType = text.plist.xml; path = Info.plist; sourceTree = "<group>"; };
		6422BA7A26AF6D3C000BE441 /* UserViewModel.swift */ = {isa = PBXFileReference; lastKnownFileType = sourcecode.swift; path = UserViewModel.swift; sourceTree = "<group>"; };
		6422BA7E26AF6D83000BE441 /* User.swift */ = {isa = PBXFileReference; lastKnownFileType = sourcecode.swift; path = User.swift; sourceTree = "<group>"; };
		6422BA8926AF6F9B000BE441 /* LoginViewController.swift */ = {isa = PBXFileReference; lastKnownFileType = sourcecode.swift; path = LoginViewController.swift; sourceTree = "<group>"; };
		6422BA8A26AF6F9B000BE441 /* LoginViewController.xib */ = {isa = PBXFileReference; lastKnownFileType = file.xib; path = LoginViewController.xib; sourceTree = "<group>"; };
		6422BA8F26AF7492000BE441 /* LoginService.swift */ = {isa = PBXFileReference; lastKnownFileType = sourcecode.swift; path = LoginService.swift; sourceTree = "<group>"; };
/* End PBXFileReference section */

/* Begin PBXFrameworksBuildPhase section */
		6422BA5F26AF6A5B000BE441 /* Frameworks */ = {
			isa = PBXFrameworksBuildPhase;
			buildActionMask = 2147483647;
			files = (
			);
			runOnlyForDeploymentPostprocessing = 0;
		};
/* End PBXFrameworksBuildPhase section */

/* Begin PBXGroup section */
		6422BA5926AF6A5B000BE441 = {
			isa = PBXGroup;
			children = (
				6422BA6426AF6A5B000BE441 /* MVVMExample */,
				6422BA6326AF6A5B000BE441 /* Products */,
			);
			sourceTree = "<group>";
		};
		6422BA6326AF6A5B000BE441 /* Products */ = {
			isa = PBXGroup;
			children = (
				6422BA6226AF6A5B000BE441 /* MVVMExample.app */,
			);
			name = Products;
			sourceTree = "<group>";
		};
		6422BA6426AF6A5B000BE441 /* MVVMExample */ = {
			isa = PBXGroup;
			children = (
				6422BA7D26AF6D63000BE441 /* Model */,
				6422BA8326AF6F5F000BE441 /* View */,
				6422BA8226AF6F50000BE441 /* ViewModel */,
				6422BA8E26AF747E000BE441 /* Service */,
				6422BA6526AF6A5B000BE441 /* AppDelegate.swift */,
				6422BA6726AF6A5B000BE441 /* SceneDelegate.swift */,
				6422BA6926AF6A5B000BE441 /* ViewController.swift */,
				6422BA6B26AF6A5B000BE441 /* Main.storyboard */,
				6422BA6E26AF6A5C000BE441 /* Assets.xcassets */,
				6422BA7026AF6A5C000BE441 /* LaunchScreen.storyboard */,
				6422BA7326AF6A5C000BE441 /* Info.plist */,
			);
			path = MVVMExample;
			sourceTree = "<group>";
		};
		6422BA7D26AF6D63000BE441 /* Model */ = {
			isa = PBXGroup;
			children = (
				6422BA7E26AF6D83000BE441 /* User.swift */,
			);
			path = Model;
			sourceTree = "<group>";
		};
		6422BA8226AF6F50000BE441 /* ViewModel */ = {
			isa = PBXGroup;
			children = (
				6422BA7A26AF6D3C000BE441 /* UserViewModel.swift */,
			);
			path = ViewModel;
			sourceTree = "<group>";
		};
		6422BA8326AF6F5F000BE441 /* View */ = {
			isa = PBXGroup;
			children = (
				6422BA8926AF6F9B000BE441 /* LoginViewController.swift */,
				6422BA8A26AF6F9B000BE441 /* LoginViewController.xib */,
			);
			path = View;
			sourceTree = "<group>";
		};
		6422BA8E26AF747E000BE441 /* Service */ = {
			isa = PBXGroup;
			children = (
				6422BA8F26AF7492000BE441 /* LoginService.swift */,
			);
			path = Service;
			sourceTree = "<group>";
		};
/* End PBXGroup section */

/* Begin PBXNativeTarget section */
		6422BA6126AF6A5B000BE441 /* MVVMExample */ = {
			isa = PBXNativeTarget;
			buildConfigurationList = 6422BA7626AF6A5C000BE441 /* Build configuration list for PBXNativeTarget "MVVMExample" */;
			buildPhases = (
				6422BA5E26AF6A5B000BE441 /* Sources */,
				6422BA5F26AF6A5B000BE441 /* Frameworks */,
				6422BA6026AF6A5B000BE441 /* Resources */,
			);
			buildRules = (
			);
			dependencies = (
			);
			name = MVVMExample;
			productName = MVVMExample;
			productReference = 6422BA6226AF6A5B000BE441 /* MVVMExample.app */;
			productType = "com.apple.product-type.application";
		};
/* End PBXNativeTarget section */

/* Begin PBXProject section */
		6422BA5A26AF6A5B000BE441 /* Project object */ = {
			isa = PBXProject;
			attributes = {
				LastSwiftUpdateCheck = 1240;
				LastUpgradeCheck = 1240;
				TargetAttributes = {
					6422BA6126AF6A5B000BE441 = {
						CreatedOnToolsVersion = 12.4;
					};
				};
			};
			buildConfigurationList = 6422BA5D26AF6A5B000BE441 /* Build configuration list for PBXProject "MVVMExample" */;
			compatibilityVersion = "Xcode 9.3";
			developmentRegion = en;
			hasScannedForEncodings = 0;
			knownRegions = (
				en,
				Base,
			);
			mainGroup = 6422BA5926AF6A5B000BE441;
			productRefGroup = 6422BA6326AF6A5B000BE441 /* Products */;
			projectDirPath = "";
			projectRoot = "";
			targets = (
				6422BA6126AF6A5B000BE441 /* MVVMExample */,
			);
		};
/* End PBXProject section */

/* Begin PBXResourcesBuildPhase section */
		6422BA6026AF6A5B000BE441 /* Resources */ = {
			isa = PBXResourcesBuildPhase;
			buildActionMask = 2147483647;
			files = (
				6422BA8C26AF6F9B000BE441 /* LoginViewController.xib in Resources */,
				6422BA7226AF6A5C000BE441 /* LaunchScreen.storyboard in Resources */,
				6422BA6F26AF6A5C000BE441 /* Assets.xcassets in Resources */,
				6422BA6D26AF6A5B000BE441 /* Main.storyboard in Resources */,
			);
			runOnlyForDeploymentPostprocessing = 0;
		};
/* End PBXResourcesBuildPhase section */

/* Begin PBXSourcesBuildPhase section */
		6422BA5E26AF6A5B000BE441 /* Sources */ = {
			isa = PBXSourcesBuildPhase;
			buildActionMask = 2147483647;
			files = (
				6422BA8B26AF6F9B000BE441 /* LoginViewController.swift in Sources */,
				6422BA6A26AF6A5B000BE441 /* ViewController.swift in Sources */,
				6422BA7B26AF6D3C000BE441 /* UserViewModel.swift in Sources */,
				6422BA6626AF6A5B000BE441 /* AppDelegate.swift in Sources */,
				6422BA7F26AF6D83000BE441 /* User.swift in Sources */,
				6422BA6826AF6A5B000BE441 /* SceneDelegate.swift in Sources */,
				6422BA9026AF7492000BE441 /* LoginService.swift in Sources */,
			);
			runOnlyForDeploymentPostprocessing = 0;
		};
/* End PBXSourcesBuildPhase section */

/* Begin PBXVariantGroup section */
		6422BA6B26AF6A5B000BE441 /* Main.storyboard */ = {
			isa = PBXVariantGroup;
			children = (
				6422BA6C26AF6A5B000BE441 /* Base */,
			);
			name = Main.storyboard;
			sourceTree = "<group>";
		};
		6422BA7026AF6A5C000BE441 /* LaunchScreen.storyboard */ = {
			isa = PBXVariantGroup;
			children = (
				6422BA7126AF6A5C000BE441 /* Base */,
			);
			name = LaunchScreen.storyboard;
			sourceTree = "<group>";
		};
/* End PBXVariantGroup section */

/* Begin XCBuildConfiguration section */
		6422BA7426AF6A5C000BE441 /* Debug */ = {
			isa = XCBuildConfiguration;
			buildSettings = {
				ALWAYS_SEARCH_USER_PATHS = NO;
				CLANG_ANALYZER_NONNULL = YES;
				CLANG_ANALYZER_NUMBER_OBJECT_CONVERSION = YES_AGGRESSIVE;
				CLANG_CXX_LANGUAGE_STANDARD = "gnu++14";
				CLANG_CXX_LIBRARY = "libc++";
				CLANG_ENABLE_MODULES = YES;
				CLANG_ENABLE_OBJC_ARC = YES;
				CLANG_ENABLE_OBJC_WEAK = YES;
				CLANG_WARN_BLOCK_CAPTURE_AUTORELEASING = YES;
				CLANG_WARN_BOOL_CONVERSION = YES;
				CLANG_WARN_COMMA = YES;
				CLANG_WARN_CONSTANT_CONVERSION = YES;
				CLANG_WARN_DEPRECATED_OBJC_IMPLEMENTATIONS = YES;
				CLANG_WARN_DIRECT_OBJC_ISA_USAGE = YES_ERROR;
				CLANG_WARN_DOCUMENTATION_COMMENTS = YES;
				CLANG_WARN_EMPTY_BODY = YES;
				CLANG_WARN_ENUM_CONVERSION = YES;
				CLANG_WARN_INFINITE_RECURSION = YES;
				CLANG_WARN_INT_CONVERSION = YES;
				CLANG_WARN_NON_LITERAL_NULL_CONVERSION = YES;
				CLANG_WARN_OBJC_IMPLICIT_RETAIN_SELF = YES;
				CLANG_WARN_OBJC_LITERAL_CONVERSION = YES;
				CLANG_WARN_OBJC_ROOT_CLASS = YES_ERROR;
				CLANG_WARN_QUOTED_INCLUDE_IN_FRAMEWORK_HEADER = YES;
				CLANG_WARN_RANGE_LOOP_ANALYSIS = YES;
				CLANG_WARN_STRICT_PROTOTYPES = YES;
				CLANG_WARN_SUSPICIOUS_MOVE = YES;
				CLANG_WARN_UNGUARDED_AVAILABILITY = YES_AGGRESSIVE;
				CLANG_WARN_UNREACHABLE_CODE = YES;
				CLANG_WARN__DUPLICATE_METHOD_MATCH = YES;
				COPY_PHASE_STRIP = NO;
				DEBUG_INFORMATION_FORMAT = dwarf;
				ENABLE_STRICT_OBJC_MSGSEND = YES;
				ENABLE_TESTABILITY = YES;
				GCC_C_LANGUAGE_STANDARD = gnu11;
				GCC_DYNAMIC_NO_PIC = NO;
				GCC_NO_COMMON_BLOCKS = YES;
				GCC_OPTIMIZATION_LEVEL = 0;
				GCC_PREPROCESSOR_DEFINITIONS = (
					"DEBUG=1",
					"$(inherited)",
				);
				GCC_WARN_64_TO_32_BIT_CONVERSION = YES;
				GCC_WARN_ABOUT_RETURN_TYPE = YES_ERROR;
				GCC_WARN_UNDECLARED_SELECTOR = YES;
				GCC_WARN_UNINITIALIZED_AUTOS = YES_AGGRESSIVE;
				GCC_WARN_UNUSED_FUNCTION = YES;
				GCC_WARN_UNUSED_VARIABLE = YES;
				IPHONEOS_DEPLOYMENT_TARGET = 14.4;
				MTL_ENABLE_DEBUG_INFO = INCLUDE_SOURCE;
				MTL_FAST_MATH = YES;
				ONLY_ACTIVE_ARCH = YES;
				SDKROOT = iphoneos;
				SWIFT_ACTIVE_COMPILATION_CONDITIONS = DEBUG;
				SWIFT_OPTIMIZATION_LEVEL = "-Onone";
			};
			name = Debug;
		};
		6422BA7526AF6A5C000BE441 /* Release */ = {
			isa = XCBuildConfiguration;
			buildSettings = {
				ALWAYS_SEARCH_USER_PATHS = NO;
				CLANG_ANALYZER_NONNULL = YES;
				CLANG_ANALYZER_NUMBER_OBJECT_CONVERSION = YES_AGGRESSIVE;
				CLANG_CXX_LANGUAGE_STANDARD = "gnu++14";
				CLANG_CXX_LIBRARY = "libc++";
				CLANG_ENABLE_MODULES = YES;
				CLANG_ENABLE_OBJC_ARC = YES;
				CLANG_ENABLE_OBJC_WEAK = YES;
				CLANG_WARN_BLOCK_CAPTURE_AUTORELEASING = YES;
				CLANG_WARN_BOOL_CONVERSION = YES;
				CLANG_WARN_COMMA = YES;
				CLANG_WARN_CONSTANT_CONVERSION = YES;
				CLANG_WARN_DEPRECATED_OBJC_IMPLEMENTATIONS = YES;
				CLANG_WARN_DIRECT_OBJC_ISA_USAGE = YES_ERROR;
				CLANG_WARN_DOCUMENTATION_COMMENTS = YES;
				CLANG_WARN_EMPTY_BODY = YES;
				CLANG_WARN_ENUM_CONVERSION = YES;
				CLANG_WARN_INFINITE_RECURSION = YES;
				CLANG_WARN_INT_CONVERSION = YES;
				CLANG_WARN_NON_LITERAL_NULL_CONVERSION = YES;
				CLANG_WARN_OBJC_IMPLICIT_RETAIN_SELF = YES;
				CLANG_WARN_OBJC_LITERAL_CONVERSION = YES;
				CLANG_WARN_OBJC_ROOT_CLASS = YES_ERROR;
				CLANG_WARN_QUOTED_INCLUDE_IN_FRAMEWORK_HEADER = YES;
				CLANG_WARN_RANGE_LOOP_ANALYSIS = YES;
				CLANG_WARN_STRICT_PROTOTYPES = YES;
				CLANG_WARN_SUSPICIOUS_MOVE = YES;
				CLANG_WARN_UNGUARDED_AVAILABILITY = YES_AGGRESSIVE;
				CLANG_WARN_UNREACHABLE_CODE = YES;
				CLANG_WARN__DUPLICATE_METHOD_MATCH = YES;
				COPY_PHASE_STRIP = NO;
				DEBUG_INFORMATION_FORMAT = "dwarf-with-dsym";
				ENABLE_NS_ASSERTIONS = NO;
				ENABLE_STRICT_OBJC_MSGSEND = YES;
				GCC_C_LANGUAGE_STANDARD = gnu11;
				GCC_NO_COMMON_BLOCKS = YES;
				GCC_WARN_64_TO_32_BIT_CONVERSION = YES;
				GCC_WARN_ABOUT_RETURN_TYPE = YES_ERROR;
				GCC_WARN_UNDECLARED_SELECTOR = YES;
				GCC_WARN_UNINITIALIZED_AUTOS = YES_AGGRESSIVE;
				GCC_WARN_UNUSED_FUNCTION = YES;
				GCC_WARN_UNUSED_VARIABLE = YES;
				IPHONEOS_DEPLOYMENT_TARGET = 14.4;
				MTL_ENABLE_DEBUG_INFO = NO;
				MTL_FAST_MATH = YES;
				SDKROOT = iphoneos;
				SWIFT_COMPILATION_MODE = wholemodule;
				SWIFT_OPTIMIZATION_LEVEL = "-O";
				VALIDATE_PRODUCT = YES;
			};
			name = Release;
		};
		6422BA7726AF6A5C000BE441 /* Debug */ = {
			isa = XCBuildConfiguration;
			buildSettings = {
				ASSETCATALOG_COMPILER_APPICON_NAME = AppIcon;
				ASSETCATALOG_COMPILER_GLOBAL_ACCENT_COLOR_NAME = AccentColor;
				CODE_SIGN_STYLE = Automatic;
				DEVELOPMENT_TEAM = 8CVYYFRX94;
				INFOPLIST_FILE = MVVMExample/Info.plist;
				LD_RUNPATH_SEARCH_PATHS = (
					"$(inherited)",
					"@executable_path/Frameworks",
				);
				PRODUCT_BUNDLE_IDENTIFIER = br.com.raphael.MVVMExample;
				PRODUCT_NAME = "$(TARGET_NAME)";
				SWIFT_VERSION = 5.0;
				TARGETED_DEVICE_FAMILY = "1,2";
			};
			name = Debug;
		};
		6422BA7826AF6A5C000BE441 /* Release */ = {
			isa = XCBuildConfiguration;
			buildSettings = {
				ASSETCATALOG_COMPILER_APPICON_NAME = AppIcon;
				ASSETCATALOG_COMPILER_GLOBAL_ACCENT_COLOR_NAME = AccentColor;
				CODE_SIGN_STYLE = Automatic;
				DEVELOPMENT_TEAM = 8CVYYFRX94;
				INFOPLIST_FILE = MVVMExample/Info.plist;
				LD_RUNPATH_SEARCH_PATHS = (
					"$(inherited)",
					"@executable_path/Frameworks",
				);
				PRODUCT_BUNDLE_IDENTIFIER = br.com.raphael.MVVMExample;
				PRODUCT_NAME = "$(TARGET_NAME)";
				SWIFT_VERSION = 5.0;
				TARGETED_DEVICE_FAMILY = "1,2";
			};
			name = Release;
		};
/* End XCBuildConfiguration section */

/* Begin XCConfigurationList section */
		6422BA5D26AF6A5B000BE441 /* Build configuration list for PBXProject "MVVMExample" */ = {
			isa = XCConfigurationList;
			buildConfigurations = (
				6422BA7426AF6A5C000BE441 /* Debug */,
				6422BA7526AF6A5C000BE441 /* Release */,
			);
			defaultConfigurationIsVisible = 0;
			defaultConfigurationName = Release;
		};
		6422BA7626AF6A5C000BE441 /* Build configuration list for PBXNativeTarget "MVVMExample" */ = {
			isa = XCConfigurationList;
			buildConfigurations = (
				6422BA7726AF6A5C000BE441 /* Debug */,
				6422BA7826AF6A5C000BE441 /* Release */,
			);
			defaultConfigurationIsVisible = 0;
			defaultConfigurationName = Release;
		};
/* End XCConfigurationList section */
	};
	rootObject = 6422BA5A26AF6A5B000BE441 /* Project object */;
}
